PATH
  remote: .
  specs:
    irkit (0.1.0)
      args_parser (>= 0.2)
      dnssd (>= 3.0)
      hashie (>= 4.0)
      httparty (>= 0.18)

GEM
  remote: https://rubygems.org/
  specs:
    args_parser (0.2.0)
    csv (3.3.5)
    dnssd (3.0.2)
    hashie (5.1.0)
      logger
    httparty (0.23.2)
      csv
      mini_mime (>= 1.0.0)
      multi_xml (>= 0.5.2)
    logger (1.7.0)
    mini_mime (1.1.5)
    minitest (5.26.1)
    multi_xml (0.6.0)
    rake (13.3.1)

PLATFORMS
  ruby

DEPENDENCIES
  bundler (>= 2.0)
  irkit!
  minitest (>= 5.0)
  rake (>= 12.0)

BUNDLED WITH
   4.0.3
